
Microsoft Visual Studio Solution File, Format Version 12.00
# Visual Studio 15
VisualStudioVersion = 15.0.27825.0
MinimumVisualStudioVersion = 10.0.40219.1
Project("{FAE04EC0-301F-11D3-BF4B-00C04F79EFBC}") = "DutchTreat", "DutchTreat\DutchTreat.csproj", "{1C10A237-D55A-4AA2-A446-A20B30AB3098}"
EndProject
Global
	GlobalSection(SolutionConfigurationPlatforms) = preSolution
		Debug|Any CPU = Debug|Any CPU
		Release|Any CPU = Release|Any CPU
	EndGlobalSection
	GlobalSection(ProjectConfigurationPlatforms) = postSolution
		{1C10A237-D55A-4AA2-A446-A20B30AB3098}.Debug|Any CPU.ActiveCfg = Debug|Any CPU
		{1C10A237-D55A-4AA2-A446-A20B30AB3098}.Debug|Any CPU.Build.0 = Debug|Any CPU
		{1C10A237-D55A-4AA2-A446-A20B30AB3098}.Release|Any CPU.ActiveCfg = Release|Any CPU
		{1C10A237-D55A-4AA2-A446-A20B30AB3098}.Release|Any CPU.Build.0 = Release|Any CPU
	EndGlobalSection
	GlobalSection(SolutionProperties) = preSolution
		HideSolutionNode = FALSE
	EndGlobalSection
	GlobalSection(ExtensibilityGlobals) = postSolution
		SolutionGuid = {6C14B944-D430-49DD-AD03-C0433078D9E4}
	EndGlobalSection
EndGlobal
